{
  "originHash" : "4d4bdc5ca6b4db14bb34c76506c13773942fa39cb7a68a26cbfeeddafc364cc2",
  "pins" : [
    {
      "identity" : "dd-sdk-ios",
      "kind" : "remoteSourceControl",
      "location" : "https://github.com/Datadog/dd-sdk-ios.git",
      "state" : {
        "branch" : "dogfooding",
        "revision" : "67760c83e3dc4365c5bc3f488613b1c51771037b"
      }
    },
    {
      "identity" : "plcrashreporter",
      "kind" : "remoteSourceControl",
      "location" : "https://github.com/microsoft/plcrashreporter.git",
      "state" : {
        "revision" : "6752f71de206f6a53fa6a758c3660fd9a7fe7527",
        "version" : "1.11.2"
      }
    }
  ],
  "version" : 3
}

